
Microsoft Visual Studio Solution File, Format Version 12.00
# Visual Studio Version 17
VisualStudioVersion = 17.5.002.0
MinimumVisualStudioVersion = 10.0.40219.1
Project("{9A19103F-16F7-4668-BE54-9A1E7A4F7556}") = "ProyectoDotnet", "ProyectoDotnet.csproj", "{EB628523-5BEF-448E-BBF3-D758C1E99C54}"
EndProject
Global
	GlobalSection(SolutionConfigurationPlatforms) = preSolution
		Debug|Any CPU = Debug|Any CPU
		Release|Any CPU = Release|Any CPU
	EndGlobalSection
	GlobalSection(ProjectConfigurationPlatforms) = postSolution
		{EB628523-5BEF-448E-BBF3-D758C1E99C54}.Debug|Any CPU.ActiveCfg = Debug|Any CPU
		{EB628523-5BEF-448E-BBF3-D758C1E99C54}.Debug|Any CPU.Build.0 = Debug|Any CPU
		{EB628523-5BEF-448E-BBF3-D758C1E99C54}.Release|Any CPU.ActiveCfg = Release|Any CPU
		{EB628523-5BEF-448E-BBF3-D758C1E99C54}.Release|Any CPU.Build.0 = Release|Any CPU
	EndGlobalSection
	GlobalSection(SolutionProperties) = preSolution
		HideSolutionNode = FALSE
	EndGlobalSection
	GlobalSection(ExtensibilityGlobals) = postSolution
		SolutionGuid = {FB844B39-2795-4B11-A75B-1F0887F0AF6E}
	EndGlobalSection
EndGlobal
